// !$*UTF8*$!
{
	archiveVersion = 1;
	classes = {
	};
	objectVersion = 46;
	objects = {

/* Begin PBXBuildFile section */
		0CF1C93D1D6D11F100F7955F /* AppDelegate.swift in Sources */ = {isa = PBXBuildFile; fileRef = 0CF1C93C1D6D11F100F7955F /* AppDelegate.swift */; };
		0CF1C9421D6D11F100F7955F /* Main.storyboard in Resources */ = {isa = PBXBuildFile; fileRef = 0CF1C9401D6D11F100F7955F /* Main.storyboard */; };
		0CF1C9441D6D11F100F7955F /* Assets.xcassets in Resources */ = {isa = PBXBuildFile; fileRef = 0CF1C9431D6D11F100F7955F /* Assets.xcassets */; };
		0CF1C9471D6D11F100F7955F /* LaunchScreen.storyboard in Resources */ = {isa = PBXBuildFile; fileRef = 0CF1C9451D6D11F100F7955F /* LaunchScreen.storyboard */; };
		0CF1C94F1D6D125800F7955F /* LoginViewController.swift in Sources */ = {isa = PBXBuildFile; fileRef = 0CF1C94E1D6D125800F7955F /* LoginViewController.swift */; };
		0CF1C9511D6D127300F7955F /* ChatViewController.swift in Sources */ = {isa = PBXBuildFile; fileRef = 0CF1C9501D6D127300F7955F /* ChatViewController.swift */; };
		0CF1C9581D6D186A00F7955F /* backgroundPhoto.png in Resources */ = {isa = PBXBuildFile; fileRef = 0CF1C9531D6D186A00F7955F /* backgroundPhoto.png */; };
		0CF1C9591D6D186A00F7955F /* dummyUser.png in Resources */ = {isa = PBXBuildFile; fileRef = 0CF1C9541D6D186A00F7955F /* dummyUser.png */; };
		0CF1C95A1D6D186A00F7955F /* googleButton.png in Resources */ = {isa = PBXBuildFile; fileRef = 0CF1C9551D6D186A00F7955F /* googleButton.png */; };
		0CF1C95B1D6D186A00F7955F /* OrLine.png in Resources */ = {isa = PBXBuildFile; fileRef = 0CF1C9561D6D186A00F7955F /* OrLine.png */; };
		0CF1C95C1D6D186A00F7955F /* profileImage.png in Resources */ = {isa = PBXBuildFile; fileRef = 0CF1C9571D6D186A00F7955F /* profileImage.png */; };
		0CF1C95E1D6D263200F7955F /* GoogleService-Info.plist in Resources */ = {isa = PBXBuildFile; fileRef = 0CF1C95D1D6D263200F7955F /* GoogleService-Info.plist */; };
		0CF1C9601D6D39CE00F7955F /* GoChat.xcworkspace in Resources */ = {isa = PBXBuildFile; fileRef = 0CF1C95F1D6D39CE00F7955F /* GoChat.xcworkspace */; };
		0CF1C9621D6D3D9400F7955F /* Helper.swift in Sources */ = {isa = PBXBuildFile; fileRef = 0CF1C9611D6D3D9400F7955F /* Helper.swift */; };
		C149FA68425777B5008D34D5 /* Pods_GoChat.framework in Frameworks */ = {isa = PBXBuildFile; fileRef = 5D8B24C7D31AE30611D04680 /* Pods_GoChat.framework */; };
/* End PBXBuildFile section */

/* Begin PBXFileReference section */
		0C3E976E1DC03E3B00374B91 /* GoChat.entitlements */ = {isa = PBXFileReference; lastKnownFileType = text.plist.entitlements; path = GoChat.entitlements; sourceTree = "<group>"; };
		0CF1C9391D6D11F100F7955F /* GoChat.app */ = {isa = PBXFileReference; explicitFileType = wrapper.application; includeInIndex = 0; path = GoChat.app; sourceTree = BUILT_PRODUCTS_DIR; };
		0CF1C93C1D6D11F100F7955F /* AppDelegate.swift */ = {isa = PBXFileReference; lastKnownFileType = sourcecode.swift; path = AppDelegate.swift; sourceTree = "<group>"; };
		0CF1C9411D6D11F100F7955F /* Base */ = {isa = PBXFileReference; lastKnownFileType = file.storyboard; name = Base; path = Base.lproj/Main.storyboard; sourceTree = "<group>"; };
		0CF1C9431D6D11F100F7955F /* Assets.xcassets */ = {isa = PBXFileReference; lastKnownFileType = folder.assetcatalog; path = Assets.xcassets; sourceTree = "<group>"; };
		0CF1C9461D6D11F100F7955F /* Base */ = {isa = PBXFileReference; lastKnownFileType = file.storyboard; name = Base; path = Base.lproj/LaunchScreen.storyboard; sourceTree = "<group>"; };
		0CF1C9481D6D11F100F7955F /* Info.plist */ = {isa = PBXFileReference; lastKnownFileType = text.plist.xml; path = Info.plist; sourceTree = "<group>"; };
		0CF1C94E1D6D125800F7955F /* LoginViewController.swift */ = {isa = PBXFileReference; fileEncoding = 4; lastKnownFileType = sourcecode.swift; path = LoginViewController.swift; sourceTree = "<group>"; };
		0CF1C9501D6D127300F7955F /* ChatViewController.swift */ = {isa = PBXFileReference; fileEncoding = 4; lastKnownFileType = sourcecode.swift; path = ChatViewController.swift; sourceTree = "<group>"; };
		0CF1C9531D6D186A00F7955F /* backgroundPhoto.png */ = {isa = PBXFileReference; lastKnownFileType = image.png; path = backgroundPhoto.png; sourceTree = "<group>"; };
		0CF1C9541D6D186A00F7955F /* dummyUser.png */ = {isa = PBXFileReference; lastKnownFileType = image.png; path = dummyUser.png; sourceTree = "<group>"; };
		0CF1C9551D6D186A00F7955F /* googleButton.png */ = {isa = PBXFileReference; lastKnownFileType = image.png; path = googleButton.png; sourceTree = "<group>"; };
		0CF1C9561D6D186A00F7955F /* OrLine.png */ = {isa = PBXFileReference; lastKnownFileType = image.png; path = OrLine.png; sourceTree = "<group>"; };
		0CF1C9571D6D186A00F7955F /* profileImage.png */ = {isa = PBXFileReference; lastKnownFileType = image.png; path = profileImage.png; sourceTree = "<group>"; };
		0CF1C95D1D6D263200F7955F /* GoogleService-Info.plist */ = {isa = PBXFileReference; fileEncoding = 4; lastKnownFileType = text.plist.xml; path = "GoogleService-Info.plist"; sourceTree = "<group>"; };
		0CF1C95F1D6D39CE00F7955F /* GoChat.xcworkspace */ = {isa = PBXFileReference; lastKnownFileType = wrapper.workspace; path = GoChat.xcworkspace; sourceTree = "<group>"; };
		0CF1C9611D6D3D9400F7955F /* Helper.swift */ = {isa = PBXFileReference; fileEncoding = 4; lastKnownFileType = sourcecode.swift; path = Helper.swift; sourceTree = "<group>"; };
		5BCD87A7A7BF70AC0C5F530C /* Pods-GoChat.release.xcconfig */ = {isa = PBXFileReference; includeInIndex = 1; lastKnownFileType = text.xcconfig; name = "Pods-GoChat.release.xcconfig"; path = "Pods/Target Support Files/Pods-GoChat/Pods-GoChat.release.xcconfig"; sourceTree = "<group>"; };
		5D8B24C7D31AE30611D04680 /* Pods_GoChat.framework */ = {isa = PBXFileReference; explicitFileType = wrapper.framework; includeInIndex = 0; path = Pods_GoChat.framework; sourceTree = BUILT_PRODUCTS_DIR; };
		949FA064234DA4FC67CA68BF /* Pods-GoChat.debug.xcconfig */ = {isa = PBXFileReference; includeInIndex = 1; lastKnownFileType = text.xcconfig; name = "Pods-GoChat.debug.xcconfig"; path = "Pods/Target Support Files/Pods-GoChat/Pods-GoChat.debug.xcconfig"; sourceTree = "<group>"; };
/* End PBXFileReference section */

/* Begin PBXFrameworksBuildPhase section */
		0CF1C9361D6D11F100F7955F /* Frameworks */ = {
			isa = PBXFrameworksBuildPhase;
			buildActionMask = 2147483647;
			files = (
				C149FA68425777B5008D34D5 /* Pods_GoChat.framework in Frameworks */,
			);
			runOnlyForDeploymentPostprocessing = 0;
		};
/* End PBXFrameworksBuildPhase section */

/* Begin PBXGroup section */
		0CF1C9301D6D11F100F7955F = {
			isa = PBXGroup;
			children = (
				0CF1C93B1D6D11F100F7955F /* GoChat */,
				0CF1C93A1D6D11F100F7955F /* Products */,
				DE0634AF295AB8B10F5E8525 /* Pods */,
				F70281E0AAFFE0532D96F811 /* Frameworks */,
			);
			sourceTree = "<group>";
		};
		0CF1C93A1D6D11F100F7955F /* Products */ = {
			isa = PBXGroup;
			children = (
				0CF1C9391D6D11F100F7955F /* GoChat.app */,
			);
			name = Products;
			sourceTree = "<group>";
		};
		0CF1C93B1D6D11F100F7955F /* GoChat */ = {
			isa = PBXGroup;
			children = (
				0C3E976E1DC03E3B00374B91 /* GoChat.entitlements */,
				0CF1C93C1D6D11F100F7955F /* AppDelegate.swift */,
				0CF1C9611D6D3D9400F7955F /* Helper.swift */,
				0CF1C9401D6D11F100F7955F /* Main.storyboard */,
				0CF1C9501D6D127300F7955F /* ChatViewController.swift */,
				0CF1C94E1D6D125800F7955F /* LoginViewController.swift */,
				0CF1C9521D6D186A00F7955F /* resources */,
				0CF1C9431D6D11F100F7955F /* Assets.xcassets */,
				0CF1C9451D6D11F100F7955F /* LaunchScreen.storyboard */,
				0CF1C9481D6D11F100F7955F /* Info.plist */,
				0CF1C95D1D6D263200F7955F /* GoogleService-Info.plist */,
			);
			path = GoChat;
			sourceTree = "<group>";
		};
		0CF1C9521D6D186A00F7955F /* resources */ = {
			isa = PBXGroup;
			children = (
				0CF1C9531D6D186A00F7955F /* backgroundPhoto.png */,
				0CF1C9541D6D186A00F7955F /* dummyUser.png */,
				0CF1C9551D6D186A00F7955F /* googleButton.png */,
				0CF1C9561D6D186A00F7955F /* OrLine.png */,
				0CF1C9571D6D186A00F7955F /* profileImage.png */,
			);
			path = resources;
			sourceTree = "<group>";
		};
		DE0634AF295AB8B10F5E8525 /* Pods */ = {
			isa = PBXGroup;
			children = (
				949FA064234DA4FC67CA68BF /* Pods-GoChat.debug.xcconfig */,
				5BCD87A7A7BF70AC0C5F530C /* Pods-GoChat.release.xcconfig */,
			);
			name = Pods;
			sourceTree = "<group>";
		};
		F70281E0AAFFE0532D96F811 /* Frameworks */ = {
			isa = PBXGroup;
			children = (
				0CF1C95F1D6D39CE00F7955F /* GoChat.xcworkspace */,
				5D8B24C7D31AE30611D04680 /* Pods_GoChat.framework */,
			);
			name = Frameworks;
			sourceTree = "<group>";
		};
/* End PBXGroup section */

/* Begin PBXNativeTarget section */
		0CF1C9381D6D11F100F7955F /* GoChat */ = {
			isa = PBXNativeTarget;
			buildConfigurationList = 0CF1C94B1D6D11F100F7955F /* Build configuration list for PBXNativeTarget "GoChat" */;
			buildPhases = (
				A8517586D6A7AA283649267A /* [CP] Check Pods Manifest.lock */,
				9359CED49299B05D1A452422 /* [CP] Check Pods Manifest.lock */,
				0CF1C9351D6D11F100F7955F /* Sources */,
				0CF1C9361D6D11F100F7955F /* Frameworks */,
				0CF1C9371D6D11F100F7955F /* Resources */,
				A8BBC7807F8273E1CBF26165 /* [CP] Embed Pods Frameworks */,
				986556A8886AD0CBC0DDF399 /* [CP] Copy Pods Resources */,
				848A9F8BA4B5EE75925C18C7 /* 📦 Embed Pods Frameworks */,
				68DC798B728AED7717CDAB90 /* 📦 Copy Pods Resources */,
			);
			buildRules = (
			);
			dependencies = (
			);
			name = GoChat;
			productName = GoChat;
			productReference = 0CF1C9391D6D11F100F7955F /* GoChat.app */;
			productType = "com.apple.product-type.application";
		};
/* End PBXNativeTarget section */

/* Begin PBXProject section */
		0CF1C9311D6D11F100F7955F /* Project object */ = {
			isa = PBXProject;
			attributes = {
				LastSwiftUpdateCheck = 0730;
				LastUpgradeCheck = 0800;
				ORGANIZATIONNAME = "Iuri Menin";
				TargetAttributes = {
					0CF1C9381D6D11F100F7955F = {
						CreatedOnToolsVersion = 7.3.1;
						DevelopmentTeam = X9EQW4N278;
						LastSwiftMigration = 0800;
						SystemCapabilities = {
							com.apple.Keychain = {
								enabled = 1;
							};
						};
					};
				};
			};
			buildConfigurationList = 0CF1C9341D6D11F100F7955F /* Build configuration list for PBXProject "GoChat" */;
			compatibilityVersion = "Xcode 3.2";
			developmentRegion = English;
			hasScannedForEncodings = 0;
			knownRegions = (
				en,
				Base,
			);
			mainGroup = 0CF1C9301D6D11F100F7955F;
			productRefGroup = 0CF1C93A1D6D11F100F7955F /* Products */;
			projectDirPath = "";
			projectRoot = "";
			targets = (
				0CF1C9381D6D11F100F7955F /* GoChat */,
			);
		};
/* End PBXProject section */

/* Begin PBXResourcesBuildPhase section */
		0CF1C9371D6D11F100F7955F /* Resources */ = {
			isa = PBXResourcesBuildPhase;
			buildActionMask = 2147483647;
			files = (
				0CF1C9581D6D186A00F7955F /* backgroundPhoto.png in Resources */,
				0CF1C9471D6D11F100F7955F /* LaunchScreen.storyboard in Resources */,
				0CF1C95E1D6D263200F7955F /* GoogleService-Info.plist in Resources */,
				0CF1C95A1D6D186A00F7955F /* googleButton.png in Resources */,
				0CF1C9601D6D39CE00F7955F /* GoChat.xcworkspace in Resources */,
				0CF1C9441D6D11F100F7955F /* Assets.xcassets in Resources */,
				0CF1C9421D6D11F100F7955F /* Main.storyboard in Resources */,
				0CF1C9591D6D186A00F7955F /* dummyUser.png in Resources */,
				0CF1C95B1D6D186A00F7955F /* OrLine.png in Resources */,
				0CF1C95C1D6D186A00F7955F /* profileImage.png in Resources */,
			);
			runOnlyForDeploymentPostprocessing = 0;
		};
/* End PBXResourcesBuildPhase section */

/* Begin PBXShellScriptBuildPhase section */
		68DC798B728AED7717CDAB90 /* 📦 Copy Pods Resources */ = {
			isa = PBXShellScriptBuildPhase;
			buildActionMask = 2147483647;
			files = (
			);
			inputPaths = (
			);
			name = "📦 Copy Pods Resources";
			outputPaths = (
			);
			runOnlyForDeploymentPostprocessing = 0;
			shellPath = /bin/sh;
			shellScript = "\"${SRCROOT}/Pods/Target Support Files/Pods-GoChat/Pods-GoChat-resources.sh\"\n";
			showEnvVarsInLog = 0;
		};
		848A9F8BA4B5EE75925C18C7 /* 📦 Embed Pods Frameworks */ = {
			isa = PBXShellScriptBuildPhase;
			buildActionMask = 2147483647;
			files = (
			);
			inputPaths = (
			);
			name = "📦 Embed Pods Frameworks";
			outputPaths = (
			);
			runOnlyForDeploymentPostprocessing = 0;
			shellPath = /bin/sh;
			shellScript = "\"${SRCROOT}/Pods/Target Support Files/Pods-GoChat/Pods-GoChat-frameworks.sh\"\n";
			showEnvVarsInLog = 0;
		};
		9359CED49299B05D1A452422 /* [CP] Check Pods Manifest.lock */ = {
			isa = PBXShellScriptBuildPhase;
			buildActionMask = 2147483647;
			files = (
			);
			inputPaths = (
			);
			name = "[CP] Check Pods Manifest.lock";
			outputPaths = (
			);
			runOnlyForDeploymentPostprocessing = 0;
			shellPath = /bin/sh;
			shellScript = "diff \"${PODS_ROOT}/../Podfile.lock\" \"${PODS_ROOT}/Manifest.lock\" > /dev/null\nif [[ $? != 0 ]] ; then\n    cat << EOM\nerror: The sandbox is not in sync with the Podfile.lock. Run 'pod install' or update your CocoaPods installation.\nEOM\n    exit 1\nfi\n";
			showEnvVarsInLog = 0;
		};
		986556A8886AD0CBC0DDF399 /* [CP] Copy Pods Resources */ = {
			isa = PBXShellScriptBuildPhase;
			buildActionMask = 2147483647;
			files = (
			);
			inputPaths = (
			);
			name = "[CP] Copy Pods Resources";
			outputPaths = (
			);
			runOnlyForDeploymentPostprocessing = 0;
			shellPath = /bin/sh;
			shellScript = "\"${SRCROOT}/Pods/Target Support Files/Pods-GoChat/Pods-GoChat-resources.sh\"\n";
			showEnvVarsInLog = 0;
		};
		A8517586D6A7AA283649267A /* [CP] Check Pods Manifest.lock */ = {
			isa = PBXShellScriptBuildPhase;
			buildActionMask = 2147483647;
			files = (
			);
			inputPaths = (
			);
			name = "[CP] Check Pods Manifest.lock";
			outputPaths = (
			);
			runOnlyForDeploymentPostprocessing = 0;
			shellPath = /bin/sh;
			shellScript = "diff \"${PODS_ROOT}/../Podfile.lock\" \"${PODS_ROOT}/Manifest.lock\" > /dev/null\nif [[ $? != 0 ]] ; then\n    cat << EOM\nerror: The sandbox is not in sync with the Podfile.lock. Run 'pod install' or update your CocoaPods installation.\nEOM\n    exit 1\nfi\n";
			showEnvVarsInLog = 0;
		};
		A8BBC7807F8273E1CBF26165 /* [CP] Embed Pods Frameworks */ = {
			isa = PBXShellScriptBuildPhase;
			buildActionMask = 2147483647;
			files = (
			);
			inputPaths = (
			);
			name = "[CP] Embed Pods Frameworks";
			outputPaths = (
			);
			runOnlyForDeploymentPostprocessing = 0;
			shellPath = /bin/sh;
			shellScript = "\"${SRCROOT}/Pods/Target Support Files/Pods-GoChat/Pods-GoChat-frameworks.sh\"\n";
			showEnvVarsInLog = 0;
		};
/* End PBXShellScriptBuildPhase section */

/* Begin PBXSourcesBuildPhase section */
		0CF1C9351D6D11F100F7955F /* Sources */ = {
			isa = PBXSourcesBuildPhase;
			buildActionMask = 2147483647;
			files = (
				0CF1C94F1D6D125800F7955F /* LoginViewController.swift in Sources */,
				0CF1C9511D6D127300F7955F /* ChatViewController.swift in Sources */,
				0CF1C93D1D6D11F100F7955F /* AppDelegate.swift in Sources */,
				0CF1C9621D6D3D9400F7955F /* Helper.swift in Sources */,
			);
			runOnlyForDeploymentPostprocessing = 0;
		};
/* End PBXSourcesBuildPhase section */

/* Begin PBXVariantGroup section */
		0CF1C9401D6D11F100F7955F /* Main.storyboard */ = {
			isa = PBXVariantGroup;
			children = (
				0CF1C9411D6D11F100F7955F /* Base */,
			);
			name = Main.storyboard;
			sourceTree = "<group>";
		};
		0CF1C9451D6D11F100F7955F /* LaunchScreen.storyboard */ = {
			isa = PBXVariantGroup;
			children = (
				0CF1C9461D6D11F100F7955F /* Base */,
			);
			name = LaunchScreen.storyboard;
			sourceTree = "<group>";
		};
/* End PBXVariantGroup section */

/* Begin XCBuildConfiguration section */
		0CF1C9491D6D11F100F7955F /* Debug */ = {
			isa = XCBuildConfiguration;
			buildSettings = {
				ALWAYS_SEARCH_USER_PATHS = NO;
				CLANG_ANALYZER_NONNULL = YES;
				CLANG_CXX_LANGUAGE_STANDARD = "gnu++0x";
				CLANG_CXX_LIBRARY = "libc++";
				CLANG_ENABLE_MODULES = YES;
				CLANG_ENABLE_OBJC_ARC = YES;
				CLANG_WARN_BOOL_CONVERSION = YES;
				CLANG_WARN_CONSTANT_CONVERSION = YES;
				CLANG_WARN_DIRECT_OBJC_ISA_USAGE = YES_ERROR;
				CLANG_WARN_EMPTY_BODY = YES;
				CLANG_WARN_ENUM_CONVERSION = YES;
				CLANG_WARN_INFINITE_RECURSION = YES;
				CLANG_WARN_INT_CONVERSION = YES;
				CLANG_WARN_OBJC_ROOT_CLASS = YES_ERROR;
				CLANG_WARN_SUSPICIOUS_MOVE = YES;
				CLANG_WARN_UNREACHABLE_CODE = YES;
				CLANG_WARN__DUPLICATE_METHOD_MATCH = YES;
				"CODE_SIGN_IDENTITY[sdk=iphoneos*]" = "iPhone Developer";
				COPY_PHASE_STRIP = NO;
				DEBUG_INFORMATION_FORMAT = dwarf;
				ENABLE_STRICT_OBJC_MSGSEND = YES;
				ENABLE_TESTABILITY = YES;
				GCC_C_LANGUAGE_STANDARD = gnu99;
				GCC_DYNAMIC_NO_PIC = NO;
				GCC_NO_COMMON_BLOCKS = YES;
				GCC_OPTIMIZATION_LEVEL = 0;
				GCC_PREPROCESSOR_DEFINITIONS = (
					"DEBUG=1",
					"$(inherited)",
				);
				GCC_WARN_64_TO_32_BIT_CONVERSION = YES;
				GCC_WARN_ABOUT_RETURN_TYPE = YES_ERROR;
				GCC_WARN_UNDECLARED_SELECTOR = YES;
				GCC_WARN_UNINITIALIZED_AUTOS = YES_AGGRESSIVE;
				GCC_WARN_UNUSED_FUNCTION = YES;
				GCC_WARN_UNUSED_VARIABLE = YES;
				IPHONEOS_DEPLOYMENT_TARGET = 9.3;
				MTL_ENABLE_DEBUG_INFO = YES;
				ONLY_ACTIVE_ARCH = YES;
				SDKROOT = iphoneos;
				SWIFT_OPTIMIZATION_LEVEL = "-Onone";
			};
			name = Debug;
		};
		0CF1C94A1D6D11F100F7955F /* Release */ = {
			isa = XCBuildConfiguration;
			buildSettings = {
				ALWAYS_SEARCH_USER_PATHS = NO;
				CLANG_ANALYZER_NONNULL = YES;
				CLANG_CXX_LANGUAGE_STANDARD = "gnu++0x";
				CLANG_CXX_LIBRARY = "libc++";
				CLANG_ENABLE_MODULES = YES;
				CLANG_ENABLE_OBJC_ARC = YES;
				CLANG_WARN_BOOL_CONVERSION = YES;
				CLANG_WARN_CONSTANT_CONVERSION = YES;
				CLANG_WARN_DIRECT_OBJC_ISA_USAGE = YES_ERROR;
				CLANG_WARN_EMPTY_BODY = YES;
				CLANG_WARN_ENUM_CONVERSION = YES;
				CLANG_WARN_INFINITE_RECURSION = YES;
				CLANG_WARN_INT_CONVERSION = YES;
				CLANG_WARN_OBJC_ROOT_CLASS = YES_ERROR;
				CLANG_WARN_SUSPICIOUS_MOVE = YES;
				CLANG_WARN_UNREACHABLE_CODE = YES;
				CLANG_WARN__DUPLICATE_METHOD_MATCH = YES;
				"CODE_SIGN_IDENTITY[sdk=iphoneos*]" = "iPhone Developer";
				COPY_PHASE_STRIP = NO;
				DEBUG_INFORMATION_FORMAT = "dwarf-with-dsym";
				ENABLE_NS_ASSERTIONS = NO;
				ENABLE_STRICT_OBJC_MSGSEND = YES;
				GCC_C_LANGUAGE_STANDARD = gnu99;
				GCC_NO_COMMON_BLOCKS = YES;
				GCC_WARN_64_TO_32_BIT_CONVERSION = YES;
				GCC_WARN_ABOUT_RETURN_TYPE = YES_ERROR;
				GCC_WARN_UNDECLARED_SELECTOR = YES;
				GCC_WARN_UNINITIALIZED_AUTOS = YES_AGGRESSIVE;
				GCC_WARN_UNUSED_FUNCTION = YES;
				GCC_WARN_UNUSED_VARIABLE = YES;
				IPHONEOS_DEPLOYMENT_TARGET = 9.3;
				MTL_ENABLE_DEBUG_INFO = NO;
				SDKROOT = iphoneos;
				SWIFT_OPTIMIZATION_LEVEL = "-Owholemodule";
				VALIDATE_PRODUCT = YES;
			};
			name = Release;
		};
		0CF1C94C1D6D11F100F7955F /* Debug */ = {
			isa = XCBuildConfiguration;
			baseConfigurationReference = 949FA064234DA4FC67CA68BF /* Pods-GoChat.debug.xcconfig */;
			buildSettings = {
				ASSETCATALOG_COMPILER_APPICON_NAME = AppIcon;
				CODE_SIGN_ENTITLEMENTS = GoChat/GoChat.entitlements;
				DEVELOPMENT_TEAM = X9EQW4N278;
				INFOPLIST_FILE = GoChat/Info.plist;
				LD_RUNPATH_SEARCH_PATHS = "$(inherited) @executable_path/Frameworks";
				PRODUCT_BUNDLE_IDENTIFIER = br.com.iuri.GoChat;
				PRODUCT_NAME = "$(TARGET_NAME)";
				SWIFT_VERSION = 3.0;
			};
			name = Debug;
		};
		0CF1C94D1D6D11F100F7955F /* Release */ = {
			isa = XCBuildConfiguration;
			baseConfigurationReference = 5BCD87A7A7BF70AC0C5F530C /* Pods-GoChat.release.xcconfig */;
			buildSettings = {
				ASSETCATALOG_COMPILER_APPICON_NAME = AppIcon;
				CODE_SIGN_ENTITLEMENTS = GoChat/GoChat.entitlements;
				DEVELOPMENT_TEAM = X9EQW4N278;
				INFOPLIST_FILE = GoChat/Info.plist;
				LD_RUNPATH_SEARCH_PATHS = "$(inherited) @executable_path/Frameworks";
				PRODUCT_BUNDLE_IDENTIFIER = br.com.iuri.GoChat;
				PRODUCT_NAME = "$(TARGET_NAME)";
				SWIFT_VERSION = 3.0;
			};
			name = Release;
		};
/* End XCBuildConfiguration section */

/* Begin XCConfigurationList section */
		0CF1C9341D6D11F100F7955F /* Build configuration list for PBXProject "GoChat" */ = {
			isa = XCConfigurationList;
			buildConfigurations = (
				0CF1C9491D6D11F100F7955F /* Debug */,
				0CF1C94A1D6D11F100F7955F /* Release */,
			);
			defaultConfigurationIsVisible = 0;
			defaultConfigurationName = Release;
		};
		0CF1C94B1D6D11F100F7955F /* Build configuration list for PBXNativeTarget "GoChat" */ = {
			isa = XCConfigurationList;
			buildConfigurations = (
				0CF1C94C1D6D11F100F7955F /* Debug */,
				0CF1C94D1D6D11F100F7955F /* Release */,
			);
			defaultConfigurationIsVisible = 0;
			defaultConfigurationName = Release;
		};
/* End XCConfigurationList section */
	};
	rootObject = 0CF1C9311D6D11F100F7955F /* Project object */;
}
